// !$*UTF8*$!
{
	archiveVersion = 1;
	classes = {
	};
	objectVersion = 46;
	objects = {

/* Begin PBXBuildFile section */
		18A364091A43016B002CA842 /* main.m in Sources */ = {isa = PBXBuildFile; fileRef = 18A364081A43016B002CA842 /* main.m */; };
		18A3640C1A43016B002CA842 /* AppDelegate.m in Sources */ = {isa = PBXBuildFile; fileRef = 18A3640B1A43016B002CA842 /* AppDelegate.m */; };
		18A3640F1A43016B002CA842 /* ViewController.m in Sources */ = {isa = PBXBuildFile; fileRef = 18A3640E1A43016B002CA842 /* ViewController.m */; };
		18A364121A43016B002CA842 /* Main.storyboard in Resources */ = {isa = PBXBuildFile; fileRef = 18A364101A43016B002CA842 /* Main.storyboard */; };
		18A364141A43016B002CA842 /* Images.xcassets in Resources */ = {isa = PBXBuildFile; fileRef = 18A364131A43016B002CA842 /* Images.xcassets */; };
		18A364171A43016B002CA842 /* LaunchScreen.xib in Resources */ = {isa = PBXBuildFile; fileRef = 18A364151A43016B002CA842 /* LaunchScreen.xib */; };
		18A364231A43016B002CA842 /* _2___Tests.m in Sources */ = {isa = PBXBuildFile; fileRef = 18A364221A43016B002CA842 /* _2___Tests.m */; };
		18A3642E1A430AC1002CA842 /* LoginViewController.m in Sources */ = {isa = PBXBuildFile; fileRef = 18A3642D1A430AC1002CA842 /* LoginViewController.m */; };
/* End PBXBuildFile section */

/* Begin PBXContainerItemProxy section */
		18A3641D1A43016B002CA842 /* PBXContainerItemProxy */ = {
			isa = PBXContainerItemProxy;
			containerPortal = 18A363FB1A43016B002CA842 /* Project object */;
			proxyType = 1;
			remoteGlobalIDString = 18A364021A43016B002CA842;
			remoteInfo = "02-微博";
		};
/* End PBXContainerItemProxy section */

/* Begin PBXFileReference section */
		18A364031A43016B002CA842 /* 02-微博.app */ = {isa = PBXFileReference; explicitFileType = wrapper.application; includeInIndex = 0; path = "02-微博.app"; sourceTree = BUILT_PRODUCTS_DIR; };
		18A364071A43016B002CA842 /* Info.plist */ = {isa = PBXFileReference; lastKnownFileType = text.plist.xml; path = Info.plist; sourceTree = "<group>"; };
		18A364081A43016B002CA842 /* main.m */ = {isa = PBXFileReference; lastKnownFileType = sourcecode.c.objc; path = main.m; sourceTree = "<group>"; };
		18A3640A1A43016B002CA842 /* AppDelegate.h */ = {isa = PBXFileReference; lastKnownFileType = sourcecode.c.h; path = AppDelegate.h; sourceTree = "<group>"; };
		18A3640B1A43016B002CA842 /* AppDelegate.m */ = {isa = PBXFileReference; lastKnownFileType = sourcecode.c.objc; path = AppDelegate.m; sourceTree = "<group>"; };
		18A3640D1A43016B002CA842 /* ViewController.h */ = {isa = PBXFileReference; lastKnownFileType = sourcecode.c.h; path = ViewController.h; sourceTree = "<group>"; };
		18A3640E1A43016B002CA842 /* ViewController.m */ = {isa = PBXFileReference; lastKnownFileType = sourcecode.c.objc; path = ViewController.m; sourceTree = "<group>"; };
		18A364111A43016B002CA842 /* Base */ = {isa = PBXFileReference; lastKnownFileType = file.storyboard; name = Base; path = Base.lproj/Main.storyboard; sourceTree = "<group>"; };
		18A364131A43016B002CA842 /* Images.xcassets */ = {isa = PBXFileReference; lastKnownFileType = folder.assetcatalog; path = Images.xcassets; sourceTree = "<group>"; };
		18A364161A43016B002CA842 /* Base */ = {isa = PBXFileReference; lastKnownFileType = file.xib; name = Base; path = Base.lproj/LaunchScreen.xib; sourceTree = "<group>"; };
		18A3641C1A43016B002CA842 /* 02-微博Tests.xctest */ = {isa = PBXFileReference; explicitFileType = wrapper.cfbundle; includeInIndex = 0; path = "02-微博Tests.xctest"; sourceTree = BUILT_PRODUCTS_DIR; };
		18A364211A43016B002CA842 /* Info.plist */ = {isa = PBXFileReference; lastKnownFileType = text.plist.xml; path = Info.plist; sourceTree = "<group>"; };
		18A364221A43016B002CA842 /* _2___Tests.m */ = {isa = PBXFileReference; lastKnownFileType = sourcecode.c.objc; path = "_2___Tests.m"; sourceTree = "<group>"; };
		18A3642C1A430AC1002CA842 /* LoginViewController.h */ = {isa = PBXFileReference; fileEncoding = 4; lastKnownFileType = sourcecode.c.h; path = LoginViewController.h; sourceTree = "<group>"; };
		18A3642D1A430AC1002CA842 /* LoginViewController.m */ = {isa = PBXFileReference; fileEncoding = 4; lastKnownFileType = sourcecode.c.objc; path = LoginViewController.m; sourceTree = "<group>"; };
/* End PBXFileReference section */

/* Begin PBXFrameworksBuildPhase section */
		18A364001A43016B002CA842 /* Frameworks */ = {
			isa = PBXFrameworksBuildPhase;
			buildActionMask = 2147483647;
			files = (
			);
			runOnlyForDeploymentPostprocessing = 0;
		};
		18A364191A43016B002CA842 /* Frameworks */ = {
			isa = PBXFrameworksBuildPhase;
			buildActionMask = 2147483647;
			files = (
			);
			runOnlyForDeploymentPostprocessing = 0;
		};
/* End PBXFrameworksBuildPhase section */

/* Begin PBXGroup section */
		18A363FA1A43016B002CA842 = {
			isa = PBXGroup;
			children = (
				18A364051A43016B002CA842 /* 02-微博 */,
				18A3641F1A43016B002CA842 /* 02-微博Tests */,
				18A364041A43016B002CA842 /* Products */,
			);
			sourceTree = "<group>";
		};
		18A364041A43016B002CA842 /* Products */ = {
			isa = PBXGroup;
			children = (
				18A364031A43016B002CA842 /* 02-微博.app */,
				18A3641C1A43016B002CA842 /* 02-微博Tests.xctest */,
			);
			name = Products;
			sourceTree = "<group>";
		};
		18A364051A43016B002CA842 /* 02-微博 */ = {
			isa = PBXGroup;
			children = (
				18A3640A1A43016B002CA842 /* AppDelegate.h */,
				18A3640B1A43016B002CA842 /* AppDelegate.m */,
				18A3642C1A430AC1002CA842 /* LoginViewController.h */,
				18A3642D1A430AC1002CA842 /* LoginViewController.m */,
				18A3640D1A43016B002CA842 /* ViewController.h */,
				18A3640E1A43016B002CA842 /* ViewController.m */,
				18A364101A43016B002CA842 /* Main.storyboard */,
				18A364131A43016B002CA842 /* Images.xcassets */,
				18A364151A43016B002CA842 /* LaunchScreen.xib */,
				18A364061A43016B002CA842 /* Supporting Files */,
			);
			path = "02-微博";
			sourceTree = "<group>";
		};
		18A364061A43016B002CA842 /* Supporting Files */ = {
			isa = PBXGroup;
			children = (
				18A364071A43016B002CA842 /* Info.plist */,
				18A364081A43016B002CA842 /* main.m */,
			);
			name = "Supporting Files";
			sourceTree = "<group>";
		};
		18A3641F1A43016B002CA842 /* 02-微博Tests */ = {
			isa = PBXGroup;
			children = (
				18A364221A43016B002CA842 /* _2___Tests.m */,
				18A364201A43016B002CA842 /* Supporting Files */,
			);
			path = "02-微博Tests";
			sourceTree = "<group>";
		};
		18A364201A43016B002CA842 /* Supporting Files */ = {
			isa = PBXGroup;
			children = (
				18A364211A43016B002CA842 /* Info.plist */,
			);
			name = "Supporting Files";
			sourceTree = "<group>";
		};
/* End PBXGroup section */

/* Begin PBXNativeTarget section */
		18A364021A43016B002CA842 /* 02-微博 */ = {
			isa = PBXNativeTarget;
			buildConfigurationList = 18A364261A43016B002CA842 /* Build configuration list for PBXNativeTarget "02-微博" */;
			buildPhases = (
				18A363FF1A43016B002CA842 /* Sources */,
				18A364001A43016B002CA842 /* Frameworks */,
				18A364011A43016B002CA842 /* Resources */,
			);
			buildRules = (
			);
			dependencies = (
			);
			name = "02-微博";
			productName = "02-微博";
			productReference = 18A364031A43016B002CA842 /* 02-微博.app */;
			productType = "com.apple.product-type.application";
		};
		18A3641B1A43016B002CA842 /* 02-微博Tests */ = {
			isa = PBXNativeTarget;
			buildConfigurationList = 18A364291A43016B002CA842 /* Build configuration list for PBXNativeTarget "02-微博Tests" */;
			buildPhases = (
				18A364181A43016B002CA842 /* Sources */,
				18A364191A43016B002CA842 /* Frameworks */,
				18A3641A1A43016B002CA842 /* Resources */,
			);
			buildRules = (
			);
			dependencies = (
				18A3641E1A43016B002CA842 /* PBXTargetDependency */,
			);
			name = "02-微博Tests";
			productName = "02-微博Tests";
			productReference = 18A3641C1A43016B002CA842 /* 02-微博Tests.xctest */;
			productType = "com.apple.product-type.bundle.unit-test";
		};
/* End PBXNativeTarget section */

/* Begin PBXProject section */
		18A363FB1A43016B002CA842 /* Project object */ = {
			isa = PBXProject;
			attributes = {
				LastUpgradeCheck = 0610;
				ORGANIZATIONNAME = itcast;
				TargetAttributes = {
					18A364021A43016B002CA842 = {
						CreatedOnToolsVersion = 6.1;
					};
					18A3641B1A43016B002CA842 = {
						CreatedOnToolsVersion = 6.1;
						TestTargetID = 18A364021A43016B002CA842;
					};
				};
			};
			buildConfigurationList = 18A363FE1A43016B002CA842 /* Build configuration list for PBXProject "02-微博" */;
			compatibilityVersion = "Xcode 3.2";
			developmentRegion = English;
			hasScannedForEncodings = 0;
			knownRegions = (
				en,
				Base,
			);
			mainGroup = 18A363FA1A43016B002CA842;
			productRefGroup = 18A364041A43016B002CA842 /* Products */;
			projectDirPath = "";
			projectRoot = "";
			targets = (
				18A364021A43016B002CA842 /* 02-微博 */,
				18A3641B1A43016B002CA842 /* 02-微博Tests */,
			);
		};
/* End PBXProject section */

/* Begin PBXResourcesBuildPhase section */
		18A364011A43016B002CA842 /* Resources */ = {
			isa = PBXResourcesBuildPhase;
			buildActionMask = 2147483647;
			files = (
				18A364121A43016B002CA842 /* Main.storyboard in Resources */,
				18A364171A43016B002CA842 /* LaunchScreen.xib in Resources */,
				18A364141A43016B002CA842 /* Images.xcassets in Resources */,
			);
			runOnlyForDeploymentPostprocessing = 0;
		};
		18A3641A1A43016B002CA842 /* Resources */ = {
			isa = PBXResourcesBuildPhase;
			buildActionMask = 2147483647;
			files = (
			);
			runOnlyForDeploymentPostprocessing = 0;
		};
/* End PBXResourcesBuildPhase section */

/* Begin PBXSourcesBuildPhase section */
		18A363FF1A43016B002CA842 /* Sources */ = {
			isa = PBXSourcesBuildPhase;
			buildActionMask = 2147483647;
			files = (
				18A3642E1A430AC1002CA842 /* LoginViewController.m in Sources */,
				18A3640F1A43016B002CA842 /* ViewController.m in Sources */,
				18A3640C1A43016B002CA842 /* AppDelegate.m in Sources */,
				18A364091A43016B002CA842 /* main.m in Sources */,
			);
			runOnlyForDeploymentPostprocessing = 0;
		};
		18A364181A43016B002CA842 /* Sources */ = {
			isa = PBXSourcesBuildPhase;
			buildActionMask = 2147483647;
			files = (
				18A364231A43016B002CA842 /* _2___Tests.m in Sources */,
			);
			runOnlyForDeploymentPostprocessing = 0;
		};
/* End PBXSourcesBuildPhase section */

/* Begin PBXTargetDependency section */
		18A3641E1A43016B002CA842 /* PBXTargetDependency */ = {
			isa = PBXTargetDependency;
			target = 18A364021A43016B002CA842 /* 02-微博 */;
			targetProxy = 18A3641D1A43016B002CA842 /* PBXContainerItemProxy */;
		};
/* End PBXTargetDependency section */

/* Begin PBXVariantGroup section */
		18A364101A43016B002CA842 /* Main.storyboard */ = {
			isa = PBXVariantGroup;
			children = (
				18A364111A43016B002CA842 /* Base */,
			);
			name = Main.storyboard;
			sourceTree = "<group>";
		};
		18A364151A43016B002CA842 /* LaunchScreen.xib */ = {
			isa = PBXVariantGroup;
			children = (
				18A364161A43016B002CA842 /* Base */,
			);
			name = LaunchScreen.xib;
			sourceTree = "<group>";
		};
/* End PBXVariantGroup section */

/* Begin XCBuildConfiguration section */
		18A364241A43016B002CA842 /* Debug */ = {
			isa = XCBuildConfiguration;
			buildSettings = {
				ALWAYS_SEARCH_USER_PATHS = NO;
				CLANG_CXX_LANGUAGE_STANDARD = "gnu++0x";
				CLANG_CXX_LIBRARY = "libc++";
				CLANG_ENABLE_MODULES = YES;
				CLANG_ENABLE_OBJC_ARC = YES;
				CLANG_WARN_BOOL_CONVERSION = YES;
				CLANG_WARN_CONSTANT_CONVERSION = YES;
				CLANG_WARN_DIRECT_OBJC_ISA_USAGE = YES_ERROR;
				CLANG_WARN_EMPTY_BODY = YES;
				CLANG_WARN_ENUM_CONVERSION = YES;
				CLANG_WARN_INT_CONVERSION = YES;
				CLANG_WARN_OBJC_ROOT_CLASS = YES_ERROR;
				CLANG_WARN_UNREACHABLE_CODE = YES;
				CLANG_WARN__DUPLICATE_METHOD_MATCH = YES;
				"CODE_SIGN_IDENTITY[sdk=iphoneos*]" = "iPhone Developer";
				COPY_PHASE_STRIP = NO;
				ENABLE_STRICT_OBJC_MSGSEND = YES;
				GCC_C_LANGUAGE_STANDARD = gnu99;
				GCC_DYNAMIC_NO_PIC = NO;
				GCC_OPTIMIZATION_LEVEL = 0;
				GCC_PREPROCESSOR_DEFINITIONS = (
					"DEBUG=1",
					"$(inherited)",
				);
				GCC_SYMBOLS_PRIVATE_EXTERN = NO;
				GCC_WARN_64_TO_32_BIT_CONVERSION = YES;
				GCC_WARN_ABOUT_RETURN_TYPE = YES_ERROR;
				GCC_WARN_UNDECLARED_SELECTOR = YES;
				GCC_WARN_UNINITIALIZED_AUTOS = YES_AGGRESSIVE;
				GCC_WARN_UNUSED_FUNCTION = YES;
				GCC_WARN_UNUSED_VARIABLE = YES;
				IPHONEOS_DEPLOYMENT_TARGET = 8.1;
				MTL_ENABLE_DEBUG_INFO = YES;
				ONLY_ACTIVE_ARCH = YES;
				SDKROOT = iphoneos;
			};
			name = Debug;
		};
		18A364251A43016B002CA842 /* Release */ = {
			isa = XCBuildConfiguration;
			buildSettings = {
				ALWAYS_SEARCH_USER_PATHS = NO;
				CLANG_CXX_LANGUAGE_STANDARD = "gnu++0x";
				CLANG_CXX_LIBRARY = "libc++";
				CLANG_ENABLE_MODULES = YES;
				CLANG_ENABLE_OBJC_ARC = YES;
				CLANG_WARN_BOOL_CONVERSION = YES;
				CLANG_WARN_CONSTANT_CONVERSION = YES;
				CLANG_WARN_DIRECT_OBJC_ISA_USAGE = YES_ERROR;
				CLANG_WARN_EMPTY_BODY = YES;
				CLANG_WARN_ENUM_CONVERSION = YES;
				CLANG_WARN_INT_CONVERSION = YES;
				CLANG_WARN_OBJC_ROOT_CLASS = YES_ERROR;
				CLANG_WARN_UNREACHABLE_CODE = YES;
				CLANG_WARN__DUPLICATE_METHOD_MATCH = YES;
				"CODE_SIGN_IDENTITY[sdk=iphoneos*]" = "iPhone Developer";
				COPY_PHASE_STRIP = YES;
				ENABLE_NS_ASSERTIONS = NO;
				ENABLE_STRICT_OBJC_MSGSEND = YES;
				GCC_C_LANGUAGE_STANDARD = gnu99;
				GCC_WARN_64_TO_32_BIT_CONVERSION = YES;
				GCC_WARN_ABOUT_RETURN_TYPE = YES_ERROR;
				GCC_WARN_UNDECLARED_SELECTOR = YES;
				GCC_WARN_UNINITIALIZED_AUTOS = YES_AGGRESSIVE;
				GCC_WARN_UNUSED_FUNCTION = YES;
				GCC_WARN_UNUSED_VARIABLE = YES;
				IPHONEOS_DEPLOYMENT_TARGET = 8.1;
				MTL_ENABLE_DEBUG_INFO = NO;
				SDKROOT = iphoneos;
				VALIDATE_PRODUCT = YES;
			};
			name = Release;
		};
		18A364271A43016B002CA842 /* Debug */ = {
			isa = XCBuildConfiguration;
			buildSettings = {
				ASSETCATALOG_COMPILER_APPICON_NAME = AppIcon;
				INFOPLIST_FILE = "02-微博/Info.plist";
				LD_RUNPATH_SEARCH_PATHS = "$(inherited) @executable_path/Frameworks";
				PRODUCT_NAME = "$(TARGET_NAME)";
			};
			name = Debug;
		};
		18A364281A43016B002CA842 /* Release */ = {
			isa = XCBuildConfiguration;
			buildSettings = {
				ASSETCATALOG_COMPILER_APPICON_NAME = AppIcon;
				INFOPLIST_FILE = "02-微博/Info.plist";
				LD_RUNPATH_SEARCH_PATHS = "$(inherited) @executable_path/Frameworks";
				PRODUCT_NAME = "$(TARGET_NAME)";
			};
			name = Release;
		};
		18A3642A1A43016B002CA842 /* Debug */ = {
			isa = XCBuildConfiguration;
			buildSettings = {
				BUNDLE_LOADER = "$(TEST_HOST)";
				FRAMEWORK_SEARCH_PATHS = (
					"$(SDKROOT)/Developer/Library/Frameworks",
					"$(inherited)",
				);
				GCC_PREPROCESSOR_DEFINITIONS = (
					"DEBUG=1",
					"$(inherited)",
				);
				INFOPLIST_FILE = "02-微博Tests/Info.plist";
				LD_RUNPATH_SEARCH_PATHS = "$(inherited) @executable_path/Frameworks @loader_path/Frameworks";
				PRODUCT_NAME = "$(TARGET_NAME)";
				TEST_HOST = "$(BUILT_PRODUCTS_DIR)/02-微博.app/02-微博";
			};
			name = Debug;
		};
		18A3642B1A43016B002CA842 /* Release */ = {
			isa = XCBuildConfiguration;
			buildSettings = {
				BUNDLE_LOADER = "$(TEST_HOST)";
				FRAMEWORK_SEARCH_PATHS = (
					"$(SDKROOT)/Developer/Library/Frameworks",
					"$(inherited)",
				);
				INFOPLIST_FILE = "02-微博Tests/Info.plist";
				LD_RUNPATH_SEARCH_PATHS = "$(inherited) @executable_path/Frameworks @loader_path/Frameworks";
				PRODUCT_NAME = "$(TARGET_NAME)";
				TEST_HOST = "$(BUILT_PRODUCTS_DIR)/02-微博.app/02-微博";
			};
			name = Release;
		};
/* End XCBuildConfiguration section */

/* Begin XCConfigurationList section */
		18A363FE1A43016B002CA842 /* Build configuration list for PBXProject "02-微博" */ = {
			isa = XCConfigurationList;
			buildConfigurations = (
				18A364241A43016B002CA842 /* Debug */,
				18A364251A43016B002CA842 /* Release */,
			);
			defaultConfigurationIsVisible = 0;
			defaultConfigurationName = Release;
		};
		18A364261A43016B002CA842 /* Build configuration list for PBXNativeTarget "02-微博" */ = {
			isa = XCConfigurationList;
			buildConfigurations = (
				18A364271A43016B002CA842 /* Debug */,
				18A364281A43016B002CA842 /* Release */,
			);
			defaultConfigurationIsVisible = 0;
		};
		18A364291A43016B002CA842 /* Build configuration list for PBXNativeTarget "02-微博Tests" */ = {
			isa = XCConfigurationList;
			buildConfigurations = (
				18A3642A1A43016B002CA842 /* Debug */,
				18A3642B1A43016B002CA842 /* Release */,
			);
			defaultConfigurationIsVisible = 0;
		};
/* End XCConfigurationList section */
	};
	rootObject = 18A363FB1A43016B002CA842 /* Project object */;
}
